PODS:
  - TensorFlowLiteC (0.0.1-nightly.20200818):
    - TensorFlowLiteC/Core (= 0.0.1-nightly.20200818)
  - TensorFlowLiteC/Core (0.0.1-nightly.20200818)
  - TensorFlowLiteSwift (0.0.1-nightly.20200818):
    - TensorFlowLiteSwift/Core (= 0.0.1-nightly.20200818)
  - TensorFlowLiteSwift/Core (0.0.1-nightly.20200818):
    - TensorFlowLiteC (= 0.0.1-nightly.20200818)

DEPENDENCIES:
  - TensorFlowLiteSwift (~> 0.0.1-nightly)

SPEC REPOS:
  trunk:
    - TensorFlowLiteC
    - TensorFlowLiteSwift

SPEC CHECKSUMS:
  TensorFlowLiteC: 1fd157e18ac889adb6a9914a87b16ed21a2e4ddd
  TensorFlowLiteSwift: 799e8ed7c7b4c157150819cecac834520e040291

PODFILE CHECKSUM: 685f16b47ddb2ba8e6aab92a4d1112f618cda023

COCOAPODS: 1.10.0
