PODS:
  - TensorFlowLiteC (2.5.0):
    - TensorFlowLiteC/Core (= 2.5.0)
  - TensorFlowLiteC/Core (2.5.0)
  - TensorFlowLiteC/Metal (2.5.0):
    - TensorFlowLiteC/Core
  - TensorFlowLiteSwift (2.5.0):
    - TensorFlowLiteSwift/Core (= 2.5.0)
  - TensorFlowLiteSwift/Core (2.5.0):
    - TensorFlowLiteC (= 2.5.0)
  - TensorFlowLiteSwift/Metal (2.5.0):
    - TensorFlowLiteC/Metal (= 2.5.0)
    - TensorFlowLiteSwift/Core (= 2.5.0)
  - VPSNMobile (0.1.3):
    - TensorFlowLiteSwift (= 2.5.0)
    - TensorFlowLiteSwift/Metal (= 2.5.0)

DEPENDENCIES:
  - VPSNMobile (from `../..`)

SPEC REPOS:
  trunk:
    - TensorFlowLiteC
    - TensorFlowLiteSwift

EXTERNAL SOURCES:
  VPSNMobile:
    :path: "../.."

SPEC CHECKSUMS:
  TensorFlowLiteC: 9115580176f050caa70fea478dba3d5a75c612a4
  TensorFlowLiteSwift: 50063271b9ba99202c4d96a969a518eee2b5807e
  VPSNMobile: 2d8d4eedfd70eeabe7b7b6d772ea26d5eebdcb4c

PODFILE CHECKSUM: 31db3f466b43e2cb4320e8ad1dfb58074fb50433

COCOAPODS: 1.11.2
