// !$*UTF8*$!
{
	archiveVersion = 1;
	classes = {
	};
	objectVersion = 50;
	objects = {

/* Begin PBXBuildFile section */
		1CB63301270F07FB00F0FB23 /* DemoRobot.usdz in Resources */ = {isa = PBXBuildFile; fileRef = 1CB63300270F07FB00F0FB23 /* DemoRobot.usdz */; };
		1CC80A33270E527E005424DD /* polyoccluder2.usdz in Resources */ = {isa = PBXBuildFile; fileRef = 1CC80A32270E527E005424DD /* polyoccluder2.usdz */; };
		8C728ECF25F971BB00E0FDDE /* DownLaunchAR.swift in Sources */ = {isa = PBXBuildFile; fileRef = 8C728ECD25F971BB00E0FDDE /* DownLaunchAR.swift */; };
		8C728ED025F971BB00E0FDDE /* DownLaunchAR.xib in Resources */ = {isa = PBXBuildFile; fileRef = 8C728ECE25F971BB00E0FDDE /* DownLaunchAR.xib */; };
		8CA5609225E101C0004BBF2F /* ViewController.swift in Sources */ = {isa = PBXBuildFile; fileRef = 8CA5609125E101BF004BBF2F /* ViewController.swift */; };
		8CA5609425E1068D004BBF2F /* FakeARS.swift in Sources */ = {isa = PBXBuildFile; fileRef = 8CA5609325E1068D004BBF2F /* FakeARS.swift */; };
		8CF7ECF5251D25C300B03900 /* AppDelegate.swift in Sources */ = {isa = PBXBuildFile; fileRef = 8CF7ECF4251D25C300B03900 /* AppDelegate.swift */; };
		8CF7ECF7251D25C300B03900 /* SceneDelegate.swift in Sources */ = {isa = PBXBuildFile; fileRef = 8CF7ECF6251D25C300B03900 /* SceneDelegate.swift */; };
		8CF7ECFC251D25C300B03900 /* Main.storyboard in Resources */ = {isa = PBXBuildFile; fileRef = 8CF7ECFA251D25C300B03900 /* Main.storyboard */; };
		8CF7ECFE251D25C600B03900 /* Assets.xcassets in Resources */ = {isa = PBXBuildFile; fileRef = 8CF7ECFD251D25C600B03900 /* Assets.xcassets */; };
		8CF7ED01251D25C600B03900 /* LaunchScreen.storyboard in Resources */ = {isa = PBXBuildFile; fileRef = 8CF7ECFF251D25C600B03900 /* LaunchScreen.storyboard */; };
		C3E973311EB46A55F4729D64 /* Pods_ContentPreviewVPS.framework in Frameworks */ = {isa = PBXBuildFile; fileRef = C7733C277EA6BA47C23D9E29 /* Pods_ContentPreviewVPS.framework */; };
/* End PBXBuildFile section */

/* Begin PBXFileReference section */
		1CB63300270F07FB00F0FB23 /* DemoRobot.usdz */ = {isa = PBXFileReference; lastKnownFileType = file.usdz; path = DemoRobot.usdz; sourceTree = "<group>"; };
		1CC80A32270E527E005424DD /* polyoccluder2.usdz */ = {isa = PBXFileReference; lastKnownFileType = file.usdz; path = polyoccluder2.usdz; sourceTree = "<group>"; };
		8C728ECD25F971BB00E0FDDE /* DownLaunchAR.swift */ = {isa = PBXFileReference; fileEncoding = 4; lastKnownFileType = sourcecode.swift; path = DownLaunchAR.swift; sourceTree = "<group>"; };
		8C728ECE25F971BB00E0FDDE /* DownLaunchAR.xib */ = {isa = PBXFileReference; fileEncoding = 4; lastKnownFileType = file.xib; path = DownLaunchAR.xib; sourceTree = "<group>"; };
		8CA5609125E101BF004BBF2F /* ViewController.swift */ = {isa = PBXFileReference; fileEncoding = 4; lastKnownFileType = sourcecode.swift; path = ViewController.swift; sourceTree = "<group>"; };
		8CA5609325E1068D004BBF2F /* FakeARS.swift */ = {isa = PBXFileReference; lastKnownFileType = sourcecode.swift; path = FakeARS.swift; sourceTree = "<group>"; };
		8CF7ECF1251D25C300B03900 /* ContentPreviewVPS.app */ = {isa = PBXFileReference; explicitFileType = wrapper.application; includeInIndex = 0; path = ContentPreviewVPS.app; sourceTree = BUILT_PRODUCTS_DIR; };
		8CF7ECF4251D25C300B03900 /* AppDelegate.swift */ = {isa = PBXFileReference; lastKnownFileType = sourcecode.swift; path = AppDelegate.swift; sourceTree = "<group>"; };
		8CF7ECF6251D25C300B03900 /* SceneDelegate.swift */ = {isa = PBXFileReference; lastKnownFileType = sourcecode.swift; path = SceneDelegate.swift; sourceTree = "<group>"; };
		8CF7ECFB251D25C300B03900 /* Base */ = {isa = PBXFileReference; lastKnownFileType = file.storyboard; name = Base; path = Base.lproj/Main.storyboard; sourceTree = "<group>"; };
		8CF7ECFD251D25C600B03900 /* Assets.xcassets */ = {isa = PBXFileReference; lastKnownFileType = folder.assetcatalog; path = Assets.xcassets; sourceTree = "<group>"; };
		8CF7ED00251D25C600B03900 /* Base */ = {isa = PBXFileReference; lastKnownFileType = file.storyboard; name = Base; path = Base.lproj/LaunchScreen.storyboard; sourceTree = "<group>"; };
		8CF7ED02251D25C600B03900 /* Info.plist */ = {isa = PBXFileReference; lastKnownFileType = text.plist.xml; path = Info.plist; sourceTree = "<group>"; };
		9A435E6BF825FAE8893942DC /* Pods-ContentPreviewVPS.debug.xcconfig */ = {isa = PBXFileReference; includeInIndex = 1; lastKnownFileType = text.xcconfig; name = "Pods-ContentPreviewVPS.debug.xcconfig"; path = "Target Support Files/Pods-ContentPreviewVPS/Pods-ContentPreviewVPS.debug.xcconfig"; sourceTree = "<group>"; };
		C7733C277EA6BA47C23D9E29 /* Pods_ContentPreviewVPS.framework */ = {isa = PBXFileReference; explicitFileType = wrapper.framework; includeInIndex = 0; path = Pods_ContentPreviewVPS.framework; sourceTree = BUILT_PRODUCTS_DIR; };
		CB76F2FBE6EC6D2F891DFD9A /* Pods-ContentPreviewVPS.release.xcconfig */ = {isa = PBXFileReference; includeInIndex = 1; lastKnownFileType = text.xcconfig; name = "Pods-ContentPreviewVPS.release.xcconfig"; path = "Target Support Files/Pods-ContentPreviewVPS/Pods-ContentPreviewVPS.release.xcconfig"; sourceTree = "<group>"; };
/* End PBXFileReference section */

/* Begin PBXFrameworksBuildPhase section */
		8CF7ECEE251D25C300B03900 /* Frameworks */ = {
			isa = PBXFrameworksBuildPhase;
			buildActionMask = 2147483647;
			files = (
				C3E973311EB46A55F4729D64 /* Pods_ContentPreviewVPS.framework in Frameworks */,
			);
			runOnlyForDeploymentPostprocessing = 0;
		};
/* End PBXFrameworksBuildPhase section */

/* Begin PBXGroup section */
		1CC80A22270C725E005424DD /* Frameworks */ = {
			isa = PBXGroup;
			children = (
				C7733C277EA6BA47C23D9E29 /* Pods_ContentPreviewVPS.framework */,
			);
			name = Frameworks;
			sourceTree = "<group>";
		};
		1CC80A36270E5384005424DD /* models */ = {
			isa = PBXGroup;
			children = (
				1CC80A32270E527E005424DD /* polyoccluder2.usdz */,
				1CB63300270F07FB00F0FB23 /* DemoRobot.usdz */,
			);
			path = models;
			sourceTree = "<group>";
		};
		21C7AA2F4D97C403BB66446D /* Pods */ = {
			isa = PBXGroup;
			children = (
				9A435E6BF825FAE8893942DC /* Pods-ContentPreviewVPS.debug.xcconfig */,
				CB76F2FBE6EC6D2F891DFD9A /* Pods-ContentPreviewVPS.release.xcconfig */,
			);
			name = Pods;
			path = Pods;
			sourceTree = "<group>";
		};
		8CF7ECE8251D25C300B03900 = {
			isa = PBXGroup;
			children = (
				8CF7ECF3251D25C300B03900 /* ContentPreviewVPS */,
				8CF7ECF2251D25C300B03900 /* Products */,
				1CC80A22270C725E005424DD /* Frameworks */,
				21C7AA2F4D97C403BB66446D /* Pods */,
			);
			sourceTree = "<group>";
		};
		8CF7ECF2251D25C300B03900 /* Products */ = {
			isa = PBXGroup;
			children = (
				8CF7ECF1251D25C300B03900 /* ContentPreviewVPS.app */,
			);
			name = Products;
			sourceTree = "<group>";
		};
		8CF7ECF3251D25C300B03900 /* ContentPreviewVPS */ = {
			isa = PBXGroup;
			children = (
				1CC80A36270E5384005424DD /* models */,
				8CA5609125E101BF004BBF2F /* ViewController.swift */,
				8CF7ECF4251D25C300B03900 /* AppDelegate.swift */,
				8CF7ECF6251D25C300B03900 /* SceneDelegate.swift */,
				8CF7ECFA251D25C300B03900 /* Main.storyboard */,
				8CF7ECFD251D25C600B03900 /* Assets.xcassets */,
				8CF7ECFF251D25C600B03900 /* LaunchScreen.storyboard */,
				8CF7ED02251D25C600B03900 /* Info.plist */,
				8CA5609325E1068D004BBF2F /* FakeARS.swift */,
				8C728ECD25F971BB00E0FDDE /* DownLaunchAR.swift */,
				8C728ECE25F971BB00E0FDDE /* DownLaunchAR.xib */,
			);
			path = ContentPreviewVPS;
			sourceTree = "<group>";
		};
/* End PBXGroup section */

/* Begin PBXNativeTarget section */
		8CF7ECF0251D25C300B03900 /* ContentPreviewVPS */ = {
			isa = PBXNativeTarget;
			buildConfigurationList = 8CF7ED05251D25C600B03900 /* Build configuration list for PBXNativeTarget "ContentPreviewVPS" */;
			buildPhases = (
				8F0FB5F02B9BEFAD5BDF7253 /* [CP] Check Pods Manifest.lock */,
				8CF7ECED251D25C300B03900 /* Sources */,
				8CF7ECEE251D25C300B03900 /* Frameworks */,
				8CF7ECEF251D25C300B03900 /* Resources */,
			);
			buildRules = (
			);
			dependencies = (
			);
			name = ContentPreviewVPS;
			productName = polyscene;
			productReference = 8CF7ECF1251D25C300B03900 /* ContentPreviewVPS.app */;
			productType = "com.apple.product-type.application";
		};
/* End PBXNativeTarget section */

/* Begin PBXProject section */
		8CF7ECE9251D25C300B03900 /* Project object */ = {
			isa = PBXProject;
			attributes = {
				LastSwiftUpdateCheck = 1200;
				LastUpgradeCheck = 1200;
				TargetAttributes = {
					8CF7ECF0251D25C300B03900 = {
						CreatedOnToolsVersion = 12.0;
					};
				};
			};
			buildConfigurationList = 8CF7ECEC251D25C300B03900 /* Build configuration list for PBXProject "ContentPreviewVPS" */;
			compatibilityVersion = "Xcode 9.3";
			developmentRegion = en;
			hasScannedForEncodings = 0;
			knownRegions = (
				en,
				Base,
			);
			mainGroup = 8CF7ECE8251D25C300B03900;
			productRefGroup = 8CF7ECF2251D25C300B03900 /* Products */;
			projectDirPath = "";
			projectRoot = "";
			targets = (
				8CF7ECF0251D25C300B03900 /* ContentPreviewVPS */,
			);
		};
/* End PBXProject section */

/* Begin PBXResourcesBuildPhase section */
		8CF7ECEF251D25C300B03900 /* Resources */ = {
			isa = PBXResourcesBuildPhase;
			buildActionMask = 2147483647;
			files = (
				8C728ED025F971BB00E0FDDE /* DownLaunchAR.xib in Resources */,
				8CF7ED01251D25C600B03900 /* LaunchScreen.storyboard in Resources */,
				8CF7ECFE251D25C600B03900 /* Assets.xcassets in Resources */,
				8CF7ECFC251D25C300B03900 /* Main.storyboard in Resources */,
				1CB63301270F07FB00F0FB23 /* DemoRobot.usdz in Resources */,
				1CC80A33270E527E005424DD /* polyoccluder2.usdz in Resources */,
			);
			runOnlyForDeploymentPostprocessing = 0;
		};
/* End PBXResourcesBuildPhase section */

/* Begin PBXShellScriptBuildPhase section */
		8F0FB5F02B9BEFAD5BDF7253 /* [CP] Check Pods Manifest.lock */ = {
			isa = PBXShellScriptBuildPhase;
			buildActionMask = 2147483647;
			files = (
			);
			inputFileListPaths = (
			);
			inputPaths = (
				"${PODS_PODFILE_DIR_PATH}/Podfile.lock",
				"${PODS_ROOT}/Manifest.lock",
			);
			name = "[CP] Check Pods Manifest.lock";
			outputFileListPaths = (
			);
			outputPaths = (
				"$(DERIVED_FILE_DIR)/Pods-ContentPreviewVPS-checkManifestLockResult.txt",
			);
			runOnlyForDeploymentPostprocessing = 0;
			shellPath = /bin/sh;
			shellScript = "diff \"${PODS_PODFILE_DIR_PATH}/Podfile.lock\" \"${PODS_ROOT}/Manifest.lock\" > /dev/null\nif [ $? != 0 ] ; then\n    # print error to STDERR\n    echo \"error: The sandbox is not in sync with the Podfile.lock. Run 'pod install' or update your CocoaPods installation.\" >&2\n    exit 1\nfi\n# This output is used by Xcode 'outputs' to avoid re-running this script phase.\necho \"SUCCESS\" > \"${SCRIPT_OUTPUT_FILE_0}\"\n";
			showEnvVarsInLog = 0;
		};
/* End PBXShellScriptBuildPhase section */

/* Begin PBXSourcesBuildPhase section */
		8CF7ECED251D25C300B03900 /* Sources */ = {
			isa = PBXSourcesBuildPhase;
			buildActionMask = 2147483647;
			files = (
				8CA5609225E101C0004BBF2F /* ViewController.swift in Sources */,
				8CA5609425E1068D004BBF2F /* FakeARS.swift in Sources */,
				8C728ECF25F971BB00E0FDDE /* DownLaunchAR.swift in Sources */,
				8CF7ECF5251D25C300B03900 /* AppDelegate.swift in Sources */,
				8CF7ECF7251D25C300B03900 /* SceneDelegate.swift in Sources */,
			);
			runOnlyForDeploymentPostprocessing = 0;
		};
/* End PBXSourcesBuildPhase section */

/* Begin PBXVariantGroup section */
		8CF7ECFA251D25C300B03900 /* Main.storyboard */ = {
			isa = PBXVariantGroup;
			children = (
				8CF7ECFB251D25C300B03900 /* Base */,
			);
			name = Main.storyboard;
			sourceTree = "<group>";
		};
		8CF7ECFF251D25C600B03900 /* LaunchScreen.storyboard */ = {
			isa = PBXVariantGroup;
			children = (
				8CF7ED00251D25C600B03900 /* Base */,
			);
			name = LaunchScreen.storyboard;
			sourceTree = "<group>";
		};
/* End PBXVariantGroup section */

/* Begin XCBuildConfiguration section */
		8CF7ED03251D25C600B03900 /* Debug */ = {
			isa = XCBuildConfiguration;
			buildSettings = {
				ALWAYS_SEARCH_USER_PATHS = NO;
				CLANG_ANALYZER_NONNULL = YES;
				CLANG_ANALYZER_NUMBER_OBJECT_CONVERSION = YES_AGGRESSIVE;
				CLANG_CXX_LANGUAGE_STANDARD = "gnu++14";
				CLANG_CXX_LIBRARY = "libc++";
				CLANG_ENABLE_MODULES = YES;
				CLANG_ENABLE_OBJC_ARC = YES;
				CLANG_ENABLE_OBJC_WEAK = YES;
				CLANG_WARN_BLOCK_CAPTURE_AUTORELEASING = YES;
				CLANG_WARN_BOOL_CONVERSION = YES;
				CLANG_WARN_COMMA = YES;
				CLANG_WARN_CONSTANT_CONVERSION = YES;
				CLANG_WARN_DEPRECATED_OBJC_IMPLEMENTATIONS = YES;
				CLANG_WARN_DIRECT_OBJC_ISA_USAGE = YES_ERROR;
				CLANG_WARN_DOCUMENTATION_COMMENTS = YES;
				CLANG_WARN_EMPTY_BODY = YES;
				CLANG_WARN_ENUM_CONVERSION = YES;
				CLANG_WARN_INFINITE_RECURSION = YES;
				CLANG_WARN_INT_CONVERSION = YES;
				CLANG_WARN_NON_LITERAL_NULL_CONVERSION = YES;
				CLANG_WARN_OBJC_IMPLICIT_RETAIN_SELF = YES;
				CLANG_WARN_OBJC_LITERAL_CONVERSION = YES;
				CLANG_WARN_OBJC_ROOT_CLASS = YES_ERROR;
				CLANG_WARN_QUOTED_INCLUDE_IN_FRAMEWORK_HEADER = YES;
				CLANG_WARN_RANGE_LOOP_ANALYSIS = YES;
				CLANG_WARN_STRICT_PROTOTYPES = YES;
				CLANG_WARN_SUSPICIOUS_MOVE = YES;
				CLANG_WARN_UNGUARDED_AVAILABILITY = YES_AGGRESSIVE;
				CLANG_WARN_UNREACHABLE_CODE = YES;
				CLANG_WARN__DUPLICATE_METHOD_MATCH = YES;
				COPY_PHASE_STRIP = NO;
				DEBUG_INFORMATION_FORMAT = dwarf;
				ENABLE_STRICT_OBJC_MSGSEND = YES;
				ENABLE_TESTABILITY = YES;
				GCC_C_LANGUAGE_STANDARD = gnu11;
				GCC_DYNAMIC_NO_PIC = NO;
				GCC_NO_COMMON_BLOCKS = YES;
				GCC_OPTIMIZATION_LEVEL = 0;
				GCC_PREPROCESSOR_DEFINITIONS = (
					"DEBUG=1",
					"$(inherited)",
				);
				GCC_WARN_64_TO_32_BIT_CONVERSION = YES;
				GCC_WARN_ABOUT_RETURN_TYPE = YES_ERROR;
				GCC_WARN_UNDECLARED_SELECTOR = YES;
				GCC_WARN_UNINITIALIZED_AUTOS = YES_AGGRESSIVE;
				GCC_WARN_UNUSED_FUNCTION = YES;
				GCC_WARN_UNUSED_VARIABLE = YES;
				IPHONEOS_DEPLOYMENT_TARGET = 13.0;
				MTL_ENABLE_DEBUG_INFO = INCLUDE_SOURCE;
				MTL_FAST_MATH = YES;
				ONLY_ACTIVE_ARCH = YES;
				SDKROOT = iphoneos;
				SWIFT_ACTIVE_COMPILATION_CONDITIONS = DEBUG;
				SWIFT_OPTIMIZATION_LEVEL = "-Onone";
			};
			name = Debug;
		};
		8CF7ED04251D25C600B03900 /* Release */ = {
			isa = XCBuildConfiguration;
			buildSettings = {
				ALWAYS_SEARCH_USER_PATHS = NO;
				CLANG_ANALYZER_NONNULL = YES;
				CLANG_ANALYZER_NUMBER_OBJECT_CONVERSION = YES_AGGRESSIVE;
				CLANG_CXX_LANGUAGE_STANDARD = "gnu++14";
				CLANG_CXX_LIBRARY = "libc++";
				CLANG_ENABLE_MODULES = YES;
				CLANG_ENABLE_OBJC_ARC = YES;
				CLANG_ENABLE_OBJC_WEAK = YES;
				CLANG_WARN_BLOCK_CAPTURE_AUTORELEASING = YES;
				CLANG_WARN_BOOL_CONVERSION = YES;
				CLANG_WARN_COMMA = YES;
				CLANG_WARN_CONSTANT_CONVERSION = YES;
				CLANG_WARN_DEPRECATED_OBJC_IMPLEMENTATIONS = YES;
				CLANG_WARN_DIRECT_OBJC_ISA_USAGE = YES_ERROR;
				CLANG_WARN_DOCUMENTATION_COMMENTS = YES;
				CLANG_WARN_EMPTY_BODY = YES;
				CLANG_WARN_ENUM_CONVERSION = YES;
				CLANG_WARN_INFINITE_RECURSION = YES;
				CLANG_WARN_INT_CONVERSION = YES;
				CLANG_WARN_NON_LITERAL_NULL_CONVERSION = YES;
				CLANG_WARN_OBJC_IMPLICIT_RETAIN_SELF = YES;
				CLANG_WARN_OBJC_LITERAL_CONVERSION = YES;
				CLANG_WARN_OBJC_ROOT_CLASS = YES_ERROR;
				CLANG_WARN_QUOTED_INCLUDE_IN_FRAMEWORK_HEADER = YES;
				CLANG_WARN_RANGE_LOOP_ANALYSIS = YES;
				CLANG_WARN_STRICT_PROTOTYPES = YES;
				CLANG_WARN_SUSPICIOUS_MOVE = YES;
				CLANG_WARN_UNGUARDED_AVAILABILITY = YES_AGGRESSIVE;
				CLANG_WARN_UNREACHABLE_CODE = YES;
				CLANG_WARN__DUPLICATE_METHOD_MATCH = YES;
				COPY_PHASE_STRIP = NO;
				DEBUG_INFORMATION_FORMAT = "dwarf-with-dsym";
				ENABLE_NS_ASSERTIONS = NO;
				ENABLE_STRICT_OBJC_MSGSEND = YES;
				GCC_C_LANGUAGE_STANDARD = gnu11;
				GCC_NO_COMMON_BLOCKS = YES;
				GCC_WARN_64_TO_32_BIT_CONVERSION = YES;
				GCC_WARN_ABOUT_RETURN_TYPE = YES_ERROR;
				GCC_WARN_UNDECLARED_SELECTOR = YES;
				GCC_WARN_UNINITIALIZED_AUTOS = YES_AGGRESSIVE;
				GCC_WARN_UNUSED_FUNCTION = YES;
				GCC_WARN_UNUSED_VARIABLE = YES;
				IPHONEOS_DEPLOYMENT_TARGET = 13.0;
				MTL_ENABLE_DEBUG_INFO = NO;
				MTL_FAST_MATH = YES;
				SDKROOT = iphoneos;
				SWIFT_COMPILATION_MODE = wholemodule;
				SWIFT_OPTIMIZATION_LEVEL = "-O";
				VALIDATE_PRODUCT = YES;
			};
			name = Release;
		};
		8CF7ED06251D25C600B03900 /* Debug */ = {
			isa = XCBuildConfiguration;
			baseConfigurationReference = 9A435E6BF825FAE8893942DC /* Pods-ContentPreviewVPS.debug.xcconfig */;
			buildSettings = {
				ASSETCATALOG_COMPILER_APPICON_NAME = AppIcon;
				ASSETCATALOG_COMPILER_GLOBAL_ACCENT_COLOR_NAME = AccentColor;
				CODE_SIGN_STYLE = Automatic;
				CURRENT_PROJECT_VERSION = 5;
				DEVELOPMENT_TEAM = G6HAS4FMP3;
				ENABLE_BITCODE = NO;
				FRAMEWORK_SEARCH_PATHS = "$(inherited)";
				INFOPLIST_FILE = ContentPreviewVPS/Info.plist;
				IPHONEOS_DEPLOYMENT_TARGET = 13.0;
				LD_RUNPATH_SEARCH_PATHS = (
					"$(inherited)",
					"@executable_path/Frameworks",
				);
				MARKETING_VERSION = 1.05;
				PRODUCT_BUNDLE_IDENTIFIER = com.arvrlab.ContentPreviewVPS;
				PRODUCT_NAME = "$(TARGET_NAME)";
				SWIFT_VERSION = 5.0;
				TARGETED_DEVICE_FAMILY = 1;
			};
			name = Debug;
		};
		8CF7ED07251D25C600B03900 /* Release */ = {
			isa = XCBuildConfiguration;
			baseConfigurationReference = CB76F2FBE6EC6D2F891DFD9A /* Pods-ContentPreviewVPS.release.xcconfig */;
			buildSettings = {
				ASSETCATALOG_COMPILER_APPICON_NAME = AppIcon;
				ASSETCATALOG_COMPILER_GLOBAL_ACCENT_COLOR_NAME = AccentColor;
				CODE_SIGN_STYLE = Automatic;
				CURRENT_PROJECT_VERSION = 5;
				DEVELOPMENT_TEAM = G6HAS4FMP3;
				ENABLE_BITCODE = NO;
				FRAMEWORK_SEARCH_PATHS = "$(inherited)";
				INFOPLIST_FILE = ContentPreviewVPS/Info.plist;
				IPHONEOS_DEPLOYMENT_TARGET = 13.0;
				LD_RUNPATH_SEARCH_PATHS = (
					"$(inherited)",
					"@executable_path/Frameworks",
				);
				MARKETING_VERSION = 1.05;
				PRODUCT_BUNDLE_IDENTIFIER = com.arvrlab.ContentPreviewVPS;
				PRODUCT_NAME = "$(TARGET_NAME)";
				SWIFT_VERSION = 5.0;
				TARGETED_DEVICE_FAMILY = 1;
			};
			name = Release;
		};
/* End XCBuildConfiguration section */

/* Begin XCConfigurationList section */
		8CF7ECEC251D25C300B03900 /* Build configuration list for PBXProject "ContentPreviewVPS" */ = {
			isa = XCConfigurationList;
			buildConfigurations = (
				8CF7ED03251D25C600B03900 /* Debug */,
				8CF7ED04251D25C600B03900 /* Release */,
			);
			defaultConfigurationIsVisible = 0;
			defaultConfigurationName = Release;
		};
		8CF7ED05251D25C600B03900 /* Build configuration list for PBXNativeTarget "ContentPreviewVPS" */ = {
			isa = XCConfigurationList;
			buildConfigurations = (
				8CF7ED06251D25C600B03900 /* Debug */,
				8CF7ED07251D25C600B03900 /* Release */,
			);
			defaultConfigurationIsVisible = 0;
			defaultConfigurationName = Release;
		};
/* End XCConfigurationList section */
	};
	rootObject = 8CF7ECE9251D25C300B03900 /* Project object */;
}
