PODS:
  - TensorFlowLiteC (2.5.0):
    - TensorFlowLiteC/Core (= 2.5.0)
  - TensorFlowLiteC/Core (2.5.0)
  - TensorFlowLiteC/Metal (2.5.0):
    - TensorFlowLiteC/Core
  - TensorFlowLiteSwift (2.5.0):
    - TensorFlowLiteSwift/Core (= 2.5.0)
  - TensorFlowLiteSwift/Core (2.5.0):
    - TensorFlowLiteC (= 2.5.0)
  - TensorFlowLiteSwift/Metal (2.5.0):
    - TensorFlowLiteC/Metal (= 2.5.0)
    - TensorFlowLiteSwift/Core (= 2.5.0)
  - VPSNMobile (0.2.0):
    - TensorFlowLiteSwift (= 2.5.0)
    - TensorFlowLiteSwift/Metal (= 2.5.0)

DEPENDENCIES:
  - VPSNMobile (from `../..`)

SPEC REPOS:
  trunk:
    - TensorFlowLiteC
    - TensorFlowLiteSwift

EXTERNAL SOURCES:
  VPSNMobile:
    :path: "../.."

SPEC CHECKSUMS:
  TensorFlowLiteC: 9115580176f050caa70fea478dba3d5a75c612a4
  TensorFlowLiteSwift: 50063271b9ba99202c4d96a969a518eee2b5807e
  VPSNMobile: ab44ee893c31f1e15d3dbb12e2526ed329c844eb

PODFILE CHECKSUM: 83063742b633170f57efeb150ce5bf88c44e20c3

COCOAPODS: 1.11.2
